
Microsoft Visual Studio Solution File, Format Version 12.00
# Visual Studio Version 16
VisualStudioVersion = 16.0.32228.343
MinimumVisualStudioVersion = 10.0.40219.1
Project("{FAE04EC0-301F-11D3-BF4B-00C04F79EFBC}") = "Jira.UI", "jiraDamy\Jira.UI.csproj", "{C43C12B3-13ED-4FC4-9E61-35CF169E37A7}"
EndProject
Global
	GlobalSection(SolutionConfigurationPlatforms) = preSolution
		Debug|Any CPU = Debug|Any CPU
		Release|Any CPU = Release|Any CPU
	EndGlobalSection
	GlobalSection(ProjectConfigurationPlatforms) = postSolution
		{C43C12B3-13ED-4FC4-9E61-35CF169E37A7}.Debug|Any CPU.ActiveCfg = Debug|Any CPU
		{C43C12B3-13ED-4FC4-9E61-35CF169E37A7}.Debug|Any CPU.Build.0 = Debug|Any CPU
		{C43C12B3-13ED-4FC4-9E61-35CF169E37A7}.Release|Any CPU.ActiveCfg = Release|Any CPU
		{C43C12B3-13ED-4FC4-9E61-35CF169E37A7}.Release|Any CPU.Build.0 = Release|Any CPU
	EndGlobalSection
	GlobalSection(SolutionProperties) = preSolution
		HideSolutionNode = FALSE
	EndGlobalSection
	GlobalSection(ExtensibilityGlobals) = postSolution
		SolutionGuid = {BE7FF5C7-1254-4BA9-BFBC-41660EE9A7AD}
	EndGlobalSection
EndGlobal
